
Microsoft Visual Studio Solution File, Format Version 12.00
# Visual Studio 15
VisualStudioVersion = 15.0.27019.1
MinimumVisualStudioVersion = 10.0.40219.1
Project("{6EC3EE1D-3C4E-46DD-8F32-0CC8E7565705}") = "SicpExercises", "SicpExercises\SicpExercises.fsproj", "{424E854B-5094-4C93-B9D5-9319418C82F4}"
EndProject
Global
	GlobalSection(SolutionConfigurationPlatforms) = preSolution
		Debug|Any CPU = Debug|Any CPU
		Release|Any CPU = Release|Any CPU
	EndGlobalSection
	GlobalSection(ProjectConfigurationPlatforms) = postSolution
		{424E854B-5094-4C93-B9D5-9319418C82F4}.Debug|Any CPU.ActiveCfg = Debug|Any CPU
		{424E854B-5094-4C93-B9D5-9319418C82F4}.Debug|Any CPU.Build.0 = Debug|Any CPU
		{424E854B-5094-4C93-B9D5-9319418C82F4}.Release|Any CPU.ActiveCfg = Release|Any CPU
		{424E854B-5094-4C93-B9D5-9319418C82F4}.Release|Any CPU.Build.0 = Release|Any CPU
	EndGlobalSection
	GlobalSection(SolutionProperties) = preSolution
		HideSolutionNode = FALSE
	EndGlobalSection
	GlobalSection(ExtensibilityGlobals) = postSolution
		SolutionGuid = {023338A4-E4F4-45A5-A07B-5B654C379E2F}
	EndGlobalSection
EndGlobal
